# This file is automatically @generated by Cargo.
# It is not intended for manual editing.
version = 4

[[package]]
name = "chronicle-cli"
version = "0.1.0-dev"

[[package]]
name = "chronicle-core"
version = "0.1.0-dev"
dependencies = [
 "chronicle-protocol",
]

[[package]]
name = "chronicle-protocol"
version = "0.1.0-dev"

[[package]]
name = "chronicle-verifier"
version = "0.1.0-dev"
